
Microsoft Visual Studio Solution File, Format Version 12.00
# Visual Studio 15
VisualStudioVersion = 15.0.26228.4
MinimumVisualStudioVersion = 10.0.40219.1
Project("{FAE04EC0-301F-11D3-BF4B-00C04F79EFBC}") = "Web", "Web\Web.csproj", "{F84C0A22-4344-40B2-AAA6-B9D164573007}"
EndProject
Project("{E53339B2-1760-4266-BCC7-CA923CBCF16C}") = "docker-compose", "docker-compose.dcproj", "{A43720AC-33D8-428C-BDBD-7C52EA916736}"
EndProject
Global
	GlobalSection(SolutionConfigurationPlatforms) = preSolution
		Debug|Any CPU = Debug|Any CPU
		Release|Any CPU = Release|Any CPU
	EndGlobalSection
	GlobalSection(ProjectConfigurationPlatforms) = postSolution
		{F84C0A22-4344-40B2-AAA6-B9D164573007}.Debug|Any CPU.ActiveCfg = Debug|Any CPU
		{F84C0A22-4344-40B2-AAA6-B9D164573007}.Debug|Any CPU.Build.0 = Debug|Any CPU
		{F84C0A22-4344-40B2-AAA6-B9D164573007}.Release|Any CPU.ActiveCfg = Release|Any CPU
		{F84C0A22-4344-40B2-AAA6-B9D164573007}.Release|Any CPU.Build.0 = Release|Any CPU
		{A43720AC-33D8-428C-BDBD-7C52EA916736}.Debug|Any CPU.ActiveCfg = Debug|Any CPU
		{A43720AC-33D8-428C-BDBD-7C52EA916736}.Debug|Any CPU.Build.0 = Debug|Any CPU
		{A43720AC-33D8-428C-BDBD-7C52EA916736}.Release|Any CPU.ActiveCfg = Release|Any CPU
		{A43720AC-33D8-428C-BDBD-7C52EA916736}.Release|Any CPU.Build.0 = Release|Any CPU
	EndGlobalSection
	GlobalSection(SolutionProperties) = preSolution
		HideSolutionNode = FALSE
	EndGlobalSection
EndGlobal
